<?xml version="1.0" encoding="utf-8"?>
<Project ToolsVersion="17.0" xmlns="http://schemas.microsoft.com/developer/msbuild/2003">
  <ItemGroup>
    <ClCompile Include="D:\Coding\GitHub\pycdc\pycdas.cpp">
      <Filter>Source Files</Filter>
    </ClCompile>
  </ItemGroup>
  <ItemGroup>
    <CustomBuild Include="D:\Coding\GitHub\pycdc\CMakeLists.txt" />
  </ItemGroup>
  <ItemGroup>
    <Filter Include="Source Files">
      <UniqueIdentifier>{24A7E58A-2C91-36E0-B7AD-A7E1DDA22E59}</UniqueIdentifier>
    </Filter>
  </ItemGroup>
</Project>
